
Microsoft Visual Studio Solution File, Format Version 12.00
# Visual Studio Version 17
VisualStudioVersion = 17.10.35013.160
MinimumVisualStudioVersion = 10.0.40219.1
Project("{FAE04EC0-301F-11D3-BF4B-00C04F79EFBC}") = "Proxy_POC", "Proxy_POC.csproj", "{1021F164-F37A-4A20-8477-B886C424AF29}"
EndProject
Global
	GlobalSection(SolutionConfigurationPlatforms) = preSolution
		Debug|Any CPU = Debug|Any CPU
		Release|Any CPU = Release|Any CPU
	EndGlobalSection
	GlobalSection(ProjectConfigurationPlatforms) = postSolution
		{1021F164-F37A-4A20-8477-B886C424AF29}.Debug|Any CPU.ActiveCfg = Debug|Any CPU
		{1021F164-F37A-4A20-8477-B886C424AF29}.Debug|Any CPU.Build.0 = Debug|Any CPU
		{1021F164-F37A-4A20-8477-B886C424AF29}.Release|Any CPU.ActiveCfg = Release|Any CPU
		{1021F164-F37A-4A20-8477-B886C424AF29}.Release|Any CPU.Build.0 = Release|Any CPU
	EndGlobalSection
	GlobalSection(SolutionProperties) = preSolution
		HideSolutionNode = FALSE
	EndGlobalSection
	GlobalSection(ExtensibilityGlobals) = postSolution
		SolutionGuid = {8431F4CC-E5D4-4CCE-9838-430511AC3849}
	EndGlobalSection
EndGlobal
